{
  "name": "Hook-Playground",
  "lockfileVersion": 2,
  "requires": true,
  "packages": {
    "": {
      "dependencies": {
        "@sablier/v2-core": "^1.1.2"
      }
    },
    "node_modules/@openzeppelin/contracts": {
      "version": "4.9.2",
      "resolved": "https://registry.npmjs.org/@openzeppelin/contracts/-/contracts-4.9.2.tgz",
      "integrity": "sha512-mO+y6JaqXjWeMh9glYVzVu8HYPGknAAnWyxTRhGeckOruyXQMNnlcW6w/Dx9ftLeIQk6N+ZJFuVmTwF7lEIFrg=="
    },
    "node_modules/@prb/math": {
      "version": "4.0.2",
      "resolved": "https://registry.npmjs.org/@prb/math/-/math-4.0.2.tgz",
      "integrity": "sha512-kJgqvXR6iyU7+N959RzggSFhBdnRuSDnc/bs8u6MzdWw7aYIUaAr+uMVdpP6Dheypjerd7sfJgFOs19FRFhscg==",
      "peer": true
    },
    "node_modules/@sablier/v2-core": {
      "version": "1.1.2",
      "resolved": "https://registry.npmjs.org/@sablier/v2-core/-/v2-core-1.1.2.tgz",
      "integrity": "sha512-b9tSDVlwNc28l/kuBnizqYQ399OxS5kL03m9d9v79WH/9IMjrEFq0dhVX/sMsIWvzj3GXZ60P1oL1QWymeLXJQ==",
      "dependencies": {
        "@openzeppelin/contracts": "4.9.2",
        "@prb/math": "4.0.2"
      },
      "peerDependencies": {
        "@prb/math": "4.0.x"
      }
    }
  },
  "dependencies": {
    "@openzeppelin/contracts": {
      "version": "4.9.2",
      "resolved": "https://registry.npmjs.org/@openzeppelin/contracts/-/contracts-4.9.2.tgz",
      "integrity": "sha512-mO+y6JaqXjWeMh9glYVzVu8HYPGknAAnWyxTRhGeckOruyXQMNnlcW6w/Dx9ftLeIQk6N+ZJFuVmTwF7lEIFrg=="
    },
    "@prb/math": {
      "version": "4.0.2",
      "resolved": "https://registry.npmjs.org/@prb/math/-/math-4.0.2.tgz",
      "integrity": "sha512-kJgqvXR6iyU7+N959RzggSFhBdnRuSDnc/bs8u6MzdWw7aYIUaAr+uMVdpP6Dheypjerd7sfJgFOs19FRFhscg==",
      "peer": true
    },
    "@sablier/v2-core": {
      "version": "1.1.2",
      "resolved": "https://registry.npmjs.org/@sablier/v2-core/-/v2-core-1.1.2.tgz",
      "integrity": "sha512-b9tSDVlwNc28l/kuBnizqYQ399OxS5kL03m9d9v79WH/9IMjrEFq0dhVX/sMsIWvzj3GXZ60P1oL1QWymeLXJQ==",
      "requires": {
        "@openzeppelin/contracts": "4.9.2"
      }
    }
  }
}
